
Microsoft Visual Studio Solution File, Format Version 12.00
# Visual Studio Version 17
VisualStudioVersion = 17.8.34525.116
MinimumVisualStudioVersion = 10.0.40219.1
Project("{FAE04EC0-301F-11D3-BF4B-00C04F79EFBC}") = "Fibonacci", "Fibonacci\Fibonacci.csproj", "{2B0B58FD-F28A-4208-839E-9A84FD3F3426}"
EndProject
Global
	GlobalSection(SolutionConfigurationPlatforms) = preSolution
		Debug|Any CPU = Debug|Any CPU
		Release|Any CPU = Release|Any CPU
	EndGlobalSection
	GlobalSection(ProjectConfigurationPlatforms) = postSolution
		{2B0B58FD-F28A-4208-839E-9A84FD3F3426}.Debug|Any CPU.ActiveCfg = Debug|Any CPU
		{2B0B58FD-F28A-4208-839E-9A84FD3F3426}.Debug|Any CPU.Build.0 = Debug|Any CPU
		{2B0B58FD-F28A-4208-839E-9A84FD3F3426}.Release|Any CPU.ActiveCfg = Release|Any CPU
		{2B0B58FD-F28A-4208-839E-9A84FD3F3426}.Release|Any CPU.Build.0 = Release|Any CPU
	EndGlobalSection
	GlobalSection(SolutionProperties) = preSolution
		HideSolutionNode = FALSE
	EndGlobalSection
	GlobalSection(ExtensibilityGlobals) = postSolution
		SolutionGuid = {BDE708F2-8829-4CBF-86F7-07EF23CDF43A}
	EndGlobalSection
EndGlobal
